
Microsoft Visual Studio Solution File, Format Version 12.00
# Visual Studio Version 17
VisualStudioVersion = 17.0.31903.59
MinimumVisualStudioVersion = 10.0.40219.1
Project("{FAE04EC0-301F-11D3-BF4B-00C04F79EFBC}") = "APIFARMACIA", "APIFARMACIA\APIFARMACIA.csproj", "{47701F86-2351-4CAC-A31E-F7CBD4608B04}"
EndProject
Project("{FAE04EC0-301F-11D3-BF4B-00C04F79EFBC}") = "Core", "Core\Core.csproj", "{37A47E12-515D-4A5A-9779-CCC8BB841CE1}"
EndProject
Project("{FAE04EC0-301F-11D3-BF4B-00C04F79EFBC}") = "Infraestructura", "Infraestructura\Infraestructura.csproj", "{0DB358C4-0AE3-4A1B-B669-EBFCE09688A3}"
EndProject
Global
	GlobalSection(SolutionConfigurationPlatforms) = preSolution
		Debug|Any CPU = Debug|Any CPU
		Release|Any CPU = Release|Any CPU
	EndGlobalSection
	GlobalSection(SolutionProperties) = preSolution
		HideSolutionNode = FALSE
	EndGlobalSection
	GlobalSection(ProjectConfigurationPlatforms) = postSolution
		{47701F86-2351-4CAC-A31E-F7CBD4608B04}.Debug|Any CPU.ActiveCfg = Debug|Any CPU
		{47701F86-2351-4CAC-A31E-F7CBD4608B04}.Debug|Any CPU.Build.0 = Debug|Any CPU
		{47701F86-2351-4CAC-A31E-F7CBD4608B04}.Release|Any CPU.ActiveCfg = Release|Any CPU
		{47701F86-2351-4CAC-A31E-F7CBD4608B04}.Release|Any CPU.Build.0 = Release|Any CPU
		{37A47E12-515D-4A5A-9779-CCC8BB841CE1}.Debug|Any CPU.ActiveCfg = Debug|Any CPU
		{37A47E12-515D-4A5A-9779-CCC8BB841CE1}.Debug|Any CPU.Build.0 = Debug|Any CPU
		{37A47E12-515D-4A5A-9779-CCC8BB841CE1}.Release|Any CPU.ActiveCfg = Release|Any CPU
		{37A47E12-515D-4A5A-9779-CCC8BB841CE1}.Release|Any CPU.Build.0 = Release|Any CPU
		{0DB358C4-0AE3-4A1B-B669-EBFCE09688A3}.Debug|Any CPU.ActiveCfg = Debug|Any CPU
		{0DB358C4-0AE3-4A1B-B669-EBFCE09688A3}.Debug|Any CPU.Build.0 = Debug|Any CPU
		{0DB358C4-0AE3-4A1B-B669-EBFCE09688A3}.Release|Any CPU.ActiveCfg = Release|Any CPU
		{0DB358C4-0AE3-4A1B-B669-EBFCE09688A3}.Release|Any CPU.Build.0 = Release|Any CPU
	EndGlobalSection
EndGlobal
